
Microsoft Visual Studio Solution File, Format Version 12.00
# Visual Studio Version 17
VisualStudioVersion = 17.0.31919.166
MinimumVisualStudioVersion = 10.0.40219.1
Project("{FAE04EC0-301F-11D3-BF4B-00C04F79EFBC}") = "GoogleCalTracker", "GoogleCalTracker\GoogleCalTracker.csproj", "{83E8EB5C-E7B0-48C3-A9D7-E09C3F43E8EB}"
EndProject
Global
	GlobalSection(SolutionConfigurationPlatforms) = preSolution
		Debug|Any CPU = Debug|Any CPU
		Release|Any CPU = Release|Any CPU
	EndGlobalSection
	GlobalSection(ProjectConfigurationPlatforms) = postSolution
		{83E8EB5C-E7B0-48C3-A9D7-E09C3F43E8EB}.Debug|Any CPU.ActiveCfg = Debug|Any CPU
		{83E8EB5C-E7B0-48C3-A9D7-E09C3F43E8EB}.Debug|Any CPU.Build.0 = Debug|Any CPU
		{83E8EB5C-E7B0-48C3-A9D7-E09C3F43E8EB}.Release|Any CPU.ActiveCfg = Release|Any CPU
		{83E8EB5C-E7B0-48C3-A9D7-E09C3F43E8EB}.Release|Any CPU.Build.0 = Release|Any CPU
	EndGlobalSection
	GlobalSection(SolutionProperties) = preSolution
		HideSolutionNode = FALSE
	EndGlobalSection
	GlobalSection(ExtensibilityGlobals) = postSolution
		SolutionGuid = {2C514A4C-B587-4996-8BB2-00D93098822A}
	EndGlobalSection
EndGlobal
